
Microsoft Visual Studio Solution File, Format Version 12.00
# Visual Studio 15
VisualStudioVersion = 15.0.26228.12
MinimumVisualStudioVersion = 10.0.40219.1
Project("{FAE04EC0-301F-11D3-BF4B-00C04F79EFBC}") = "CFunction", "CFunction\CFunction.csproj", "{6801C9F6-740B-43AD-91C1-876B82C950B9}"
EndProject
Project("{FAE04EC0-301F-11D3-BF4B-00C04F79EFBC}") = "CFunction.Tests", "CFunction.Tests\CFunction.Tests.csproj", "{9C9285CA-C293-4B62-828F-B24E14A68178}"
EndProject
Project("{2150E333-8FDC-42A3-9474-1A3956D46DE8}") = "Files", "Files", "{56A42E71-EC05-431A-8157-0FEEEB7B84DB}"
ProjectSection(SolutionItems) = preProject
	.gitignore = .gitignore
	LICENSE = LICENSE
	README.md = README.md
EndProjectSection
EndProject
Global
	GlobalSection(SolutionConfigurationPlatforms) = preSolution
		Debug|Any CPU = Debug|Any CPU
		Release|Any CPU = Release|Any CPU
	EndGlobalSection
	GlobalSection(ProjectConfigurationPlatforms) = postSolution
		{6801C9F6-740B-43AD-91C1-876B82C950B9}.Debug|Any CPU.ActiveCfg = Debug|Any CPU
		{6801C9F6-740B-43AD-91C1-876B82C950B9}.Debug|Any CPU.Build.0 = Debug|Any CPU
		{6801C9F6-740B-43AD-91C1-876B82C950B9}.Release|Any CPU.ActiveCfg = Release|Any CPU
		{6801C9F6-740B-43AD-91C1-876B82C950B9}.Release|Any CPU.Build.0 = Release|Any CPU
		{9C9285CA-C293-4B62-828F-B24E14A68178}.Debug|Any CPU.ActiveCfg = Debug|Any CPU
		{9C9285CA-C293-4B62-828F-B24E14A68178}.Debug|Any CPU.Build.0 = Debug|Any CPU
		{9C9285CA-C293-4B62-828F-B24E14A68178}.Release|Any CPU.ActiveCfg = Release|Any CPU
		{9C9285CA-C293-4B62-828F-B24E14A68178}.Release|Any CPU.Build.0 = Release|Any CPU
	EndGlobalSection
	GlobalSection(SolutionProperties) = preSolution
		HideSolutionNode = FALSE
	EndGlobalSection
EndGlobal
